// !$*UTF8*$!
{
	archiveVersion = 1;
	classes = {
	};
	objectVersion = 46;
	objects = {
		6EB23F3D8093EADBED94C366 = {
			isa = PBXBuildFile;
			fileRef = 9EA75B7EE6D14EA809FEBEDC;
		};
		657D863386735B1CDB04F973 = {
			isa = PBXBuildFile;
			fileRef = A45C6D45D8C58FAF267A64CD;
		};
		94785673034D4AAAC96E2C0F = {
			isa = PBXBuildFile;
			fileRef = 5FA54DB6070298116B814946;
		};
		B714506FC5213E1F22EF91CC = {
			isa = PBXBuildFile;
			fileRef = D09606BE0F94FE843788D697;
		};
		D80698889C7A2F5E5C975DB9 = {
			isa = PBXBuildFile;
			fileRef = 06F3758B41032D1F417EC78F;
		};
		FA1270656F499EC25555F613 = {
			isa = PBXBuildFile;
			fileRef = A8CD35793A4723B8F6EFF2C6;
		};
		EBA76A86D1A52864F06393DF = {
			isa = PBXBuildFile;
			fileRef = 83B1A605C31C8A5D1330C859;
		};
		1B9A061FBAB242A8F7DA81E8 = {
			isa = PBXBuildFile;
			fileRef = 2F173D65C4AFB622886F667D;
		};
		1D7C42800A0E5E8013D11050 = {
			isa = PBXBuildFile;
			fileRef = 980ECEF05FF185A222DA151C;
		};
		920068EE99628DDD4E64EF59 = {
			isa = PBXBuildFile;
			fileRef = E1F741E6DB38528CFA1736C0;
		};
		51B5692730F65FDBF198A2F3 = {
			isa = PBXBuildFile;
			fileRef = 9C4A9AFB10DBEA12F04CA5F4;
		};
		88388DF2B8CED2C723A86CAB = {
			isa = PBXBuildFile;
			fileRef = D3F1EE23B8B2F3A0093B2EF6;
		};
		65EE16F53F5A71E9B9129F78 = {
			isa = PBXBuildFile;
			fileRef = 4B5259D819E0CEC84FA7F892;
		};
		7D258C2F2A8CFBEC6C0258BC = {
			isa = PBXBuildFile;
			fileRef = BB43B5C1DD9645D81549E629;
		};
		CDC34AC875B84AB21D59B4A7 = {
			isa = PBXBuildFile;
			fileRef = 5CDCF41E769B7B4F6204EA26;
		};
		C0E946CDD313EAA59A2027C0 = {
			isa = PBXBuildFile;
			fileRef = 9C3DBF11B00BC03D048EC122;
		};
		46ABF91AAF571E04A6AC76E7 = {
			isa = PBXBuildFile;
			fileRef = 2EE4EBCD62D35BAE3B77524E;
		};
		C3CC79A9A3EBE19378B1EEE2 = {
			isa = PBXBuildFile;
			fileRef = A105CB7F411AAD5146FAF10C;
		};
		AEB8E5796E0361E0EE701D3E = {
			isa = PBXBuildFile;
			fileRef = 0B720B4BAAA2EDA28965C326;
		};
		85248AA310F28EB02A3FF3A7 = {
			isa = PBXBuildFile;
			fileRef = 234F95A9F908F31C52C14B66;
		};
		5D6BA1F22F947287ED7A0661 = {
			isa = PBXBuildFile;
			fileRef = F8AD45D0830EB00F9757108B;
		};
		DA48EEF8E46759AA660DA327 = {
			isa = PBXBuildFile;
			fileRef = 423F9B6E98AAAB9811A5D360;
		};
		4BB8EF2D4FF927870D60F007 = {
			isa = PBXBuildFile;
			fileRef = 4D2735B6AD5778D9B5194D53;
		};
		EC8F43C93D85C53CE93B0801 = {
			isa = PBXBuildFile;
			fileRef = AA5676CAC331FB7B8099655C;
		};
		8E8D3303CCEF7F0D78FA772B = {
			isa = PBXBuildFile;
			fileRef = C9018B70D70022A94608D555;
		};
		007E3FF24587D67EB2F2EAF5 = {
			isa = PBXFileReference;
			lastKnownFileType = sourcecode.c.h;
			name = AppConfig.h;
			path = ../../JuceLibraryCode/AppConfig.h;
			sourceTree = "SOURCE_ROOT";
		};
		06F3758B41032D1F417EC78F = {
			isa = PBXFileReference;
			lastKnownFileType = wrapper.framework;
			name = Cocoa.framework;
			path = System/Library/Frameworks/Cocoa.framework;
			sourceTree = SDKROOT;
		};
		07C9E96A257D3B191C9A7CFF = {
			isa = PBXFileReference;
			lastKnownFileType = file;
			name = "juce_graphics";
			path = "/Users/tom/Development/JUCE-dev/./modules/juce_graphics";
			sourceTree = "<absolute>";
		};
		0B720B4BAAA2EDA28965C326 = {
			isa = PBXFileReference;
			lastKnownFileType = sourcecode.cpp.objcpp;
			name = "include_juce_audio_utils.mm";
			path = "../../JuceLibraryCode/include_juce_audio_utils.mm";
			sourceTree = "SOURCE_ROOT";
		};
		0FE4FB3CED3DF76924C68FBE = {
			isa = PBXFileReference;
			lastKnownFileType = sourcecode.c.h;
			name = JuceHeader.h;
			path = ../../JuceLibraryCode/JuceHeader.h;
			sourceTree = "SOURCE_ROOT";
		};
		1CBAA50C202E7879CCBEC591 = {
			isa = PBXFileReference;
			lastKnownFileType = file;
			name = "juce_audio_utils";
			path = "/Users/tom/Development/JUCE-dev/./modules/juce_audio_utils";
			sourceTree = "<absolute>";
		};
		234F95A9F908F31C52C14B66 = {
			isa = PBXFileReference;
			lastKnownFileType = sourcecode.cpp.objcpp;
			name = "include_juce_core.mm";
			path = "../../JuceLibraryCode/include_juce_core.mm";
			sourceTree = "SOURCE_ROOT";
		};
		2EE4EBCD62D35BAE3B77524E = {
			isa = PBXFileReference;
			lastKnownFileType = sourcecode.cpp.objcpp;
			name = "include_juce_audio_formats.mm";
			path = "../../JuceLibraryCode/include_juce_audio_formats.mm";
			sourceTree = "SOURCE_ROOT";
		};
		2F173D65C4AFB622886F667D = {
			isa = PBXFileReference;
			lastKnownFileType = wrapper.framework;
			name = CoreMIDI.framework;
			path = System/Library/Frameworks/CoreMIDI.framework;
			sourceTree = SDKROOT;
		};
		32F709A2FAF5739A160601FC = {
			isa = PBXFileReference;
			lastKnownFileType = text.plist.xml;
			name = WavetableSynthTutorial.entitlements;
			path = WavetableSynthTutorial.entitlements;
			sourceTree = "SOURCE_ROOT";
		};
		423F9B6E98AAAB9811A5D360 = {
			isa = PBXFileReference;
			lastKnownFileType = sourcecode.cpp.objcpp;
			name = "include_juce_events.mm";
			path = "../../JuceLibraryCode/include_juce_events.mm";
			sourceTree = "SOURCE_ROOT";
		};
		4498A0A0D92026096B1C047A = {
			isa = PBXFileReference;
			lastKnownFileType = file;
			name = "juce_audio_processors";
			path = "/Users/tom/Development/JUCE-dev/./modules/juce_audio_processors";
			sourceTree = "<absolute>";
		};
		4B5259D819E0CEC84FA7F892 = {
			isa = PBXFileReference;
			lastKnownFileType = file.nib;
			name = RecentFilesMenuTemplate.nib;
			path = RecentFilesMenuTemplate.nib;
			sourceTree = "SOURCE_ROOT";
		};
		4D2735B6AD5778D9B5194D53 = {
			isa = PBXFileReference;
			lastKnownFileType = sourcecode.cpp.objcpp;
			name = "include_juce_graphics.mm";
			path = "../../JuceLibraryCode/include_juce_graphics.mm";
			sourceTree = "SOURCE_ROOT";
		};
		52CCEFF9C7A40909A5D459C7 = {
			isa = PBXFileReference;
			lastKnownFileType = file;
			name = "juce_audio_formats";
			path = "/Users/tom/Development/JUCE-dev/./modules/juce_audio_formats";
			sourceTree = "<absolute>";
		};
		5CDCF41E769B7B4F6204EA26 = {
			isa = PBXFileReference;
			lastKnownFileType = sourcecode.cpp.objcpp;
			name = "include_juce_audio_basics.mm";
			path = "../../JuceLibraryCode/include_juce_audio_basics.mm";
			sourceTree = "SOURCE_ROOT";
		};
		5D5F20D9C912E3B1737C3FE4 = {
			isa = PBXFileReference;
			lastKnownFileType = file;
			name = "juce_data_structures";
			path = "/Users/tom/Development/JUCE-dev/./modules/juce_data_structures";
			sourceTree = "<absolute>";
		};
		5FA54DB6070298116B814946 = {
			isa = PBXFileReference;
			lastKnownFileType = wrapper.framework;
			name = AudioToolbox.framework;
			path = System/Library/Frameworks/AudioToolbox.framework;
			sourceTree = SDKROOT;
		};
		66235B773B9B8578388924FE = {
			isa = PBXFileReference;
			lastKnownFileType = file;
			name = "juce_gui_basics";
			path = "/Users/tom/Development/JUCE-dev/./modules/juce_gui_basics";
			sourceTree = "<absolute>";
		};
		73EBAA482C3B2C06E9F469E3 = {
			isa = PBXFileReference;
			lastKnownFileType = file;
			name = "juce_events";
			path = "/Users/tom/Development/JUCE-dev/./modules/juce_events";
			sourceTree = "<absolute>";
		};
		7D6C87BF082C364832E31B2E = {
			isa = PBXFileReference;
			lastKnownFileType = file;
			name = "juce_core";
			path = "/Users/tom/Development/JUCE-dev/./modules/juce_core";
			sourceTree = "<absolute>";
		};
		83B1A605C31C8A5D1330C859 = {
			isa = PBXFileReference;
			lastKnownFileType = wrapper.framework;
			name = CoreAudioKit.framework;
			path = System/Library/Frameworks/CoreAudioKit.framework;
			sourceTree = SDKROOT;
		};
		8CACF0D7D6E787ECB9C7AFE3 = {
			isa = PBXFileReference;
			lastKnownFileType = sourcecode.c.h;
			name = "WavetableSynthTutorial_01.h";
			path = "../../Source/WavetableSynthTutorial_01.h";
			sourceTree = "SOURCE_ROOT";
		};
		980ECEF05FF185A222DA151C = {
			isa = PBXFileReference;
			lastKnownFileType = wrapper.framework;
			name = DiscRecording.framework;
			path = System/Library/Frameworks/DiscRecording.framework;
			sourceTree = SDKROOT;
		};
		9C3DBF11B00BC03D048EC122 = {
			isa = PBXFileReference;
			lastKnownFileType = sourcecode.cpp.objcpp;
			name = "include_juce_audio_devices.mm";
			path = "../../JuceLibraryCode/include_juce_audio_devices.mm";
			sourceTree = "SOURCE_ROOT";
		};
		9C4A9AFB10DBEA12F04CA5F4 = {
			isa = PBXFileReference;
			lastKnownFileType = wrapper.framework;
			name = QuartzCore.framework;
			path = System/Library/Frameworks/QuartzCore.framework;
			sourceTree = SDKROOT;
		};
		9E9C71567BDA837DCFC2B731 = {
			isa = PBXFileReference;
			lastKnownFileType = file;
			name = "juce_audio_devices";
			path = "/Users/tom/Development/JUCE-dev/./modules/juce_audio_devices";
			sourceTree = "<absolute>";
		};
		9EA75B7EE6D14EA809FEBEDC = {
			isa = PBXFileReference;
			explicitFileType = wrapper.application;
			includeInIndex = 0;
			path = WavetableSynthTutorial.app;
			sourceTree = "BUILT_PRODUCTS_DIR";
		};
		A105CB7F411AAD5146FAF10C = {
			isa = PBXFileReference;
			lastKnownFileType = sourcecode.cpp.objcpp;
			name = "include_juce_audio_processors.mm";
			path = "../../JuceLibraryCode/include_juce_audio_processors.mm";
			sourceTree = "SOURCE_ROOT";
		};
		A45C6D45D8C58FAF267A64CD = {
			isa = PBXFileReference;
			lastKnownFileType = wrapper.framework;
			name = Accelerate.framework;
			path = System/Library/Frameworks/Accelerate.framework;
			sourceTree = SDKROOT;
		};
		A8CD35793A4723B8F6EFF2C6 = {
			isa = PBXFileReference;
			lastKnownFileType = wrapper.framework;
			name = CoreAudio.framework;
			path = System/Library/Frameworks/CoreAudio.framework;
			sourceTree = SDKROOT;
		};
		AA5676CAC331FB7B8099655C = {
			isa = PBXFileReference;
			lastKnownFileType = sourcecode.cpp.objcpp;
			name = "include_juce_gui_basics.mm";
			path = "../../JuceLibraryCode/include_juce_gui_basics.mm";
			sourceTree = "SOURCE_ROOT";
		};
		BB43B5C1DD9645D81549E629 = {
			isa = PBXFileReference;
			lastKnownFileType = sourcecode.cpp.cpp;
			name = Main.cpp;
			path = ../../Source/Main.cpp;
			sourceTree = "SOURCE_ROOT";
		};
		C886AE9FA31E96360C1E29B1 = {
			isa = PBXFileReference;
			lastKnownFileType = file;
			name = "juce_gui_extra";
			path = "/Users/tom/Development/JUCE-dev/./modules/juce_gui_extra";
			sourceTree = "<absolute>";
		};
		C9018B70D70022A94608D555 = {
			isa = PBXFileReference;
			lastKnownFileType = sourcecode.cpp.objcpp;
			name = "include_juce_gui_extra.mm";
			path = "../../JuceLibraryCode/include_juce_gui_extra.mm";
			sourceTree = "SOURCE_ROOT";
		};
		CC2D235F4F16504B79AF6998 = {
			isa = PBXFileReference;
			lastKnownFileType = file;
			name = "juce_audio_basics";
			path = "/Users/tom/Development/JUCE-dev/./modules/juce_audio_basics";
			sourceTree = "<absolute>";
		};
		D09606BE0F94FE843788D697 = {
			isa = PBXFileReference;
			lastKnownFileType = wrapper.framework;
			name = Carbon.framework;
			path = System/Library/Frameworks/Carbon.framework;
			sourceTree = SDKROOT;
		};
		D3F1EE23B8B2F3A0093B2EF6 = {
			isa = PBXFileReference;
			lastKnownFileType = wrapper.framework;
			name = WebKit.framework;
			path = System/Library/Frameworks/WebKit.framework;
			sourceTree = SDKROOT;
		};
		E1F741E6DB38528CFA1736C0 = {
			isa = PBXFileReference;
			lastKnownFileType = wrapper.framework;
			name = IOKit.framework;
			path = System/Library/Frameworks/IOKit.framework;
			sourceTree = SDKROOT;
		};
		F8AD45D0830EB00F9757108B = {
			isa = PBXFileReference;
			lastKnownFileType = sourcecode.cpp.objcpp;
			name = "include_juce_data_structures.mm";
			path = "../../JuceLibraryCode/include_juce_data_structures.mm";
			sourceTree = "SOURCE_ROOT";
		};
		FAD13FD88F4A712226AF1DDA = {
			isa = PBXFileReference;
			lastKnownFileType = text.plist.xml;
			name = "Info-App.plist";
			path = "Info-App.plist";
			sourceTree = "SOURCE_ROOT";
		};
		D4E28DC49A9AEBD576A18921 = {
			isa = PBXGroup;
			children = (
				BB43B5C1DD9645D81549E629,
				8CACF0D7D6E787ECB9C7AFE3,
			);
			name = Source;
			sourceTree = "<group>";
		};
		780798AFDF6194604668B0CA = {
			isa = PBXGroup;
			children = (
				D4E28DC49A9AEBD576A18921,
			);
			name = WavetableSynthTutorial;
			sourceTree = "<group>";
		};
		6F9D81B088F0954406F84BAB = {
			isa = PBXGroup;
			children = (
				CC2D235F4F16504B79AF6998,
				9E9C71567BDA837DCFC2B731,
				52CCEFF9C7A40909A5D459C7,
				4498A0A0D92026096B1C047A,
				1CBAA50C202E7879CCBEC591,
				7D6C87BF082C364832E31B2E,
				5D5F20D9C912E3B1737C3FE4,
				73EBAA482C3B2C06E9F469E3,
				07C9E96A257D3B191C9A7CFF,
				66235B773B9B8578388924FE,
				C886AE9FA31E96360C1E29B1,
			);
			name = "JUCE Modules";
			sourceTree = "<group>";
		};
		B7D9CB4CF63AC3EC821E9217 = {
			isa = PBXGroup;
			children = (
				007E3FF24587D67EB2F2EAF5,
				5CDCF41E769B7B4F6204EA26,
				9C3DBF11B00BC03D048EC122,
				2EE4EBCD62D35BAE3B77524E,
				A105CB7F411AAD5146FAF10C,
				0B720B4BAAA2EDA28965C326,
				234F95A9F908F31C52C14B66,
				F8AD45D0830EB00F9757108B,
				423F9B6E98AAAB9811A5D360,
				4D2735B6AD5778D9B5194D53,
				AA5676CAC331FB7B8099655C,
				C9018B70D70022A94608D555,
				0FE4FB3CED3DF76924C68FBE,
			);
			name = "JUCE Library Code";
			sourceTree = "<group>";
		};
		52B2C6AD0FDB6C335688CE86 = {
			isa = PBXGroup;
			children = (
				FAD13FD88F4A712226AF1DDA,
				4B5259D819E0CEC84FA7F892,
			);
			name = Resources;
			sourceTree = "<group>";
		};
		4D289345B841E8AC1A31529C = {
			isa = PBXGroup;
			children = (
				A45C6D45D8C58FAF267A64CD,
				5FA54DB6070298116B814946,
				D09606BE0F94FE843788D697,
				06F3758B41032D1F417EC78F,
				A8CD35793A4723B8F6EFF2C6,
				83B1A605C31C8A5D1330C859,
				2F173D65C4AFB622886F667D,
				980ECEF05FF185A222DA151C,
				E1F741E6DB38528CFA1736C0,
				9C4A9AFB10DBEA12F04CA5F4,
				D3F1EE23B8B2F3A0093B2EF6,
			);
			name = Frameworks;
			sourceTree = "<group>";
		};
		56042EB6EA49206D5586CBE1 = {
			isa = PBXGroup;
			children = (
				9EA75B7EE6D14EA809FEBEDC,
			);
			name = Products;
			sourceTree = "<group>";
		};
		6C28DF36C3265D403D9899B5 = {
			isa = PBXGroup;
			children = (
				780798AFDF6194604668B0CA,
				6F9D81B088F0954406F84BAB,
				B7D9CB4CF63AC3EC821E9217,
				52B2C6AD0FDB6C335688CE86,
				4D289345B841E8AC1A31529C,
				56042EB6EA49206D5586CBE1,
			);
			name = Source;
			sourceTree = "<group>";
		};
		F98A8C1D3AF65F553A9F5B3F = {
			isa = XCBuildConfiguration;
			buildSettings = {
				CLANG_CXX_LANGUAGE_STANDARD = "c++14";
				CLANG_CXX_LIBRARY = "libc++";
				CLANG_LINK_OBJC_RUNTIME = NO;
				CODE_SIGN_IDENTITY = "";
				COMBINE_HIDPI_IMAGES = YES;
				CONFIGURATION_BUILD_DIR = "$(PROJECT_DIR)/build/$(CONFIGURATION)";
				COPY_PHASE_STRIP = NO;
				GCC_DYNAMIC_NO_PIC = NO;
				GCC_OPTIMIZATION_LEVEL = 0;
				GCC_PREPROCESSOR_DEFINITIONS = (
					"_DEBUG=1",
					"DEBUG=1",
					"JUCER_XCODE_MAC_F6D2F4CF=1",
					"JUCE_APP_VERSION=1.0.0",
					"JUCE_APP_VERSION_HEX=0x10000",
					"JucePlugin_Build_VST=0",
					"JucePlugin_Build_VST3=0",
					"JucePlugin_Build_AU=0",
					"JucePlugin_Build_AUv3=0",
					"JucePlugin_Build_RTAS=0",
					"JucePlugin_Build_AAX=0",
					"JucePlugin_Build_Standalone=0",
					"JucePlugin_Build_Unity=0",
				);
				GCC_VERSION = com.apple.compilers.llvm.clang.1_0;
				HEADER_SEARCH_PATHS = (
					"../../JuceLibraryCode",
					"/Users/tom/Development/JUCE-dev/./modules",
					"$(inherited)",
				);
				INFOPLIST_FILE = Info-App.plist;
				INFOPLIST_PREPROCESS = NO;
				INSTALL_PATH = "$(HOME)/Applications";
				MACOSX_DEPLOYMENT_TARGET = 10.11;
				PRODUCT_BUNDLE_IDENTIFIER = com.JUCE.WavetableSynthTutorial;
				PRODUCT_NAME = "WavetableSynthTutorial";
				USE_HEADERMAP = NO;
			};
			name = Debug;
		};
		D9D4AD9E62BC2CFC5C8EE6C7 = {
			isa = XCBuildConfiguration;
			buildSettings = {
				CLANG_CXX_LANGUAGE_STANDARD = "c++14";
				CLANG_CXX_LIBRARY = "libc++";
				CLANG_LINK_OBJC_RUNTIME = NO;
				CODE_SIGN_IDENTITY = "";
				COMBINE_HIDPI_IMAGES = YES;
				CONFIGURATION_BUILD_DIR = "$(PROJECT_DIR)/build/$(CONFIGURATION)";
				DEAD_CODE_STRIPPING = YES;
				GCC_GENERATE_DEBUGGING_SYMBOLS = NO;
				GCC_OPTIMIZATION_LEVEL = 3;
				GCC_PREPROCESSOR_DEFINITIONS = (
					"_NDEBUG=1",
					"NDEBUG=1",
					"JUCER_XCODE_MAC_F6D2F4CF=1",
					"JUCE_APP_VERSION=1.0.0",
					"JUCE_APP_VERSION_HEX=0x10000",
					"JucePlugin_Build_VST=0",
					"JucePlugin_Build_VST3=0",
					"JucePlugin_Build_AU=0",
					"JucePlugin_Build_AUv3=0",
					"JucePlugin_Build_RTAS=0",
					"JucePlugin_Build_AAX=0",
					"JucePlugin_Build_Standalone=0",
					"JucePlugin_Build_Unity=0",
				);
				GCC_SYMBOLS_PRIVATE_EXTERN = YES;
				GCC_VERSION = com.apple.compilers.llvm.clang.1_0;
				HEADER_SEARCH_PATHS = (
					"../../JuceLibraryCode",
					"/Users/tom/Development/JUCE-dev/./modules",
					"$(inherited)",
				);
				INFOPLIST_FILE = Info-App.plist;
				INFOPLIST_PREPROCESS = NO;
				INSTALL_PATH = "$(HOME)/Applications";
				LLVM_LTO = YES;
				MACOSX_DEPLOYMENT_TARGET = 10.11;
				PRODUCT_BUNDLE_IDENTIFIER = com.JUCE.WavetableSynthTutorial;
				PRODUCT_NAME = "WavetableSynthTutorial";
				USE_HEADERMAP = NO;
			};
			name = Release;
		};
		9977BC72B2A2CB8AB614C9F5 = {
			isa = XCBuildConfiguration;
			buildSettings = {
				ALWAYS_SEARCH_USER_PATHS = NO;
				CLANG_ENABLE_OBJC_WEAK = YES;
				CLANG_WARN_BLOCK_CAPTURE_AUTORELEASING = YES;
				CLANG_WARN_BOOL_CONVERSION = YES;
				CLANG_WARN_COMMA = YES;
				CLANG_WARN_CONSTANT_CONVERSION = YES;
				CLANG_WARN_DEPRECATED_OBJC_IMPLEMENTATIONS = YES;
				CLANG_WARN_EMPTY_BODY = YES;
				CLANG_WARN_ENUM_CONVERSION = YES;
				CLANG_WARN_INFINITE_RECURSION = YES;
				CLANG_WARN_INT_CONVERSION = YES;
				CLANG_WARN_NON_LITERAL_NULL_CONVERSION = YES;
				CLANG_WARN_OBJC_IMPLICIT_RETAIN_SELF = YES;
				CLANG_WARN_OBJC_LITERAL_CONVERSION = YES;
				CLANG_WARN_RANGE_LOOP_ANALYSIS = YES;
				CLANG_WARN_STRICT_PROTOTYPES = YES;
				CLANG_WARN_SUSPICIOUS_MOVE = YES;
				CLANG_WARN_UNREACHABLE_CODE = YES;
				CLANG_WARN__DUPLICATE_METHOD_MATCH = YES;
				CODE_SIGN_IDENTITY = "";
				DEBUG_INFORMATION_FORMAT = dwarf;
				ENABLE_STRICT_OBJC_MSGSEND = YES;
				ENABLE_TESTABILITY = YES;
				GCC_C_LANGUAGE_STANDARD = c11;
				GCC_INLINES_ARE_PRIVATE_EXTERN = YES;
				GCC_MODEL_TUNING = G5;
				GCC_NO_COMMON_BLOCKS = YES;
				GCC_WARN_64_TO_32_BIT_CONVERSION = YES;
				GCC_WARN_ABOUT_RETURN_TYPE = YES;
				GCC_WARN_CHECK_SWITCH_STATEMENTS = YES;
				GCC_WARN_MISSING_PARENTHESES = YES;
				GCC_WARN_NON_VIRTUAL_DESTRUCTOR = YES;
				GCC_WARN_TYPECHECK_CALLS_TO_PRINTF = YES;
				GCC_WARN_UNDECLARED_SELECTOR = YES;
				GCC_WARN_UNINITIALIZED_AUTOS = YES;
				GCC_WARN_UNUSED_FUNCTION = YES;
				GCC_WARN_UNUSED_VARIABLE = YES;
				ONLY_ACTIVE_ARCH = YES;
				PRODUCT_NAME = "WavetableSynthTutorial";
				WARNING_CFLAGS = "-Wreorder";
				ZERO_LINK = NO;
			};
			name = Debug;
		};
		1CE0793551E6136C8C6660FB = {
			isa = XCBuildConfiguration;
			buildSettings = {
				ALWAYS_SEARCH_USER_PATHS = NO;
				CLANG_ENABLE_OBJC_WEAK = YES;
				CLANG_WARN_BLOCK_CAPTURE_AUTORELEASING = YES;
				CLANG_WARN_BOOL_CONVERSION = YES;
				CLANG_WARN_COMMA = YES;
				CLANG_WARN_CONSTANT_CONVERSION = YES;
				CLANG_WARN_DEPRECATED_OBJC_IMPLEMENTATIONS = YES;
				CLANG_WARN_EMPTY_BODY = YES;
				CLANG_WARN_ENUM_CONVERSION = YES;
				CLANG_WARN_INFINITE_RECURSION = YES;
				CLANG_WARN_INT_CONVERSION = YES;
				CLANG_WARN_NON_LITERAL_NULL_CONVERSION = YES;
				CLANG_WARN_OBJC_IMPLICIT_RETAIN_SELF = YES;
				CLANG_WARN_OBJC_LITERAL_CONVERSION = YES;
				CLANG_WARN_RANGE_LOOP_ANALYSIS = YES;
				CLANG_WARN_STRICT_PROTOTYPES = YES;
				CLANG_WARN_SUSPICIOUS_MOVE = YES;
				CLANG_WARN_UNREACHABLE_CODE = YES;
				CLANG_WARN__DUPLICATE_METHOD_MATCH = YES;
				CODE_SIGN_IDENTITY = "";
				DEBUG_INFORMATION_FORMAT = dwarf;
				ENABLE_STRICT_OBJC_MSGSEND = YES;
				GCC_C_LANGUAGE_STANDARD = c11;
				GCC_INLINES_ARE_PRIVATE_EXTERN = YES;
				GCC_MODEL_TUNING = G5;
				GCC_NO_COMMON_BLOCKS = YES;
				GCC_WARN_64_TO_32_BIT_CONVERSION = YES;
				GCC_WARN_ABOUT_RETURN_TYPE = YES;
				GCC_WARN_CHECK_SWITCH_STATEMENTS = YES;
				GCC_WARN_MISSING_PARENTHESES = YES;
				GCC_WARN_NON_VIRTUAL_DESTRUCTOR = YES;
				GCC_WARN_TYPECHECK_CALLS_TO_PRINTF = YES;
				GCC_WARN_UNDECLARED_SELECTOR = YES;
				GCC_WARN_UNINITIALIZED_AUTOS = YES;
				GCC_WARN_UNUSED_FUNCTION = YES;
				GCC_WARN_UNUSED_VARIABLE = YES;
				PRODUCT_NAME = "WavetableSynthTutorial";
				WARNING_CFLAGS = "-Wreorder";
				ZERO_LINK = NO;
			};
			name = Release;
		};
		4A47D5CF54CBB4ED838759BE = {
			isa = PBXTargetDependency;
			target = 83B8CE1BB1D76D27597CD8AE;
		};
		395DE3DCCE848BB22FC4AD9F = {
			isa = XCConfigurationList;
			buildConfigurations = (
				9977BC72B2A2CB8AB614C9F5,
				1CE0793551E6136C8C6660FB,
			);
			defaultConfigurationIsVisible = 0;
			defaultConfigurationName = Debug;
		};
		5F1E19707F96207BE593EAD9 = {
			isa = XCConfigurationList;
			buildConfigurations = (
				F98A8C1D3AF65F553A9F5B3F,
				D9D4AD9E62BC2CFC5C8EE6C7,
			);
			defaultConfigurationIsVisible = 0;
			defaultConfigurationName = Debug;
		};
		15915D695EE9CEADF82F0A3F = {
			isa = PBXResourcesBuildPhase;
			buildActionMask = 2147483647;
			files = (
				65EE16F53F5A71E9B9129F78,
			);
			runOnlyForDeploymentPostprocessing = 0;
		};
		9975606BFA3BDD7F4934C3A8 = {
			isa = PBXSourcesBuildPhase;
			buildActionMask = 2147483647;
			files = (
				7D258C2F2A8CFBEC6C0258BC,
				CDC34AC875B84AB21D59B4A7,
				C0E946CDD313EAA59A2027C0,
				46ABF91AAF571E04A6AC76E7,
				C3CC79A9A3EBE19378B1EEE2,
				AEB8E5796E0361E0EE701D3E,
				85248AA310F28EB02A3FF3A7,
				5D6BA1F22F947287ED7A0661,
				DA48EEF8E46759AA660DA327,
				4BB8EF2D4FF927870D60F007,
				EC8F43C93D85C53CE93B0801,
				8E8D3303CCEF7F0D78FA772B,
			);
			runOnlyForDeploymentPostprocessing = 0;
		};
		8F2FF3F7242F254BA5E6C232 = {
			isa = PBXFrameworksBuildPhase;
			buildActionMask = 2147483647;
			files = (
				657D863386735B1CDB04F973,
				94785673034D4AAAC96E2C0F,
				B714506FC5213E1F22EF91CC,
				D80698889C7A2F5E5C975DB9,
				FA1270656F499EC25555F613,
				EBA76A86D1A52864F06393DF,
				1B9A061FBAB242A8F7DA81E8,
				1D7C42800A0E5E8013D11050,
				920068EE99628DDD4E64EF59,
				51B5692730F65FDBF198A2F3,
				88388DF2B8CED2C723A86CAB,
			);
			runOnlyForDeploymentPostprocessing = 0;
		};
		83B8CE1BB1D76D27597CD8AE = {
			isa = PBXNativeTarget;
			buildConfigurationList = 5F1E19707F96207BE593EAD9;
			buildPhases = (
				15915D695EE9CEADF82F0A3F,
				9975606BFA3BDD7F4934C3A8,
				8F2FF3F7242F254BA5E6C232,
			);
			buildRules = ( );
			dependencies = ( );
			name = "WavetableSynthTutorial - App";
			productName = WavetableSynthTutorial;
			productReference = 9EA75B7EE6D14EA809FEBEDC;
			productType = "com.apple.product-type.application";
		};
		3CFAB8FA34291CF8C594344B = {
			isa = PBXProject;
			buildConfigurationList = 395DE3DCCE848BB22FC4AD9F;
			attributes = { LastUpgradeCheck = 1100; ORGANIZATIONNAME = "JUCE"; TargetAttributes = { 83B8CE1BB1D76D27597CD8AE = { SystemCapabilities = {com.apple.ApplicationGroups.iOS = { enabled = 0; }; com.apple.InAppPurchase = { enabled = 0; }; com.apple.InterAppAudio = { enabled = 0; }; com.apple.Push = { enabled = 0; }; com.apple.Sandbox = { enabled = 0; }; com.apple.HardenedRuntime = { enabled = 0; }; }; }; }; };
			compatibilityVersion = "Xcode 3.2";
			hasScannedForEncodings = 0;
			mainGroup = 6C28DF36C3265D403D9899B5;
			projectDirPath = "";
			projectRoot = "";
			targets = (83B8CE1BB1D76D27597CD8AE);
			knownRegions = (en, Base);
		};
	};
	rootObject = 3CFAB8FA34291CF8C594344B;
}
